{
  "name": "@rolemodel/rolemodel-design-system",
  "version": "1.0.0",
  "lockfileVersion": 2,
  "requires": true,
  "packages": {
    "": {
      "name": "@rolemodel/rolemodel-design-system",
      "version": "1.0.0",
      "license": "MIT",
      "dependencies": {
        "material-icons": "^1.10.0",
        "tom-select": "^2.0.0"
      }
    },
    "node_modules/@orchidjs/sifter": {
      "version": "0.9.1",
      "resolved": "https://registry.npmjs.org/@orchidjs/sifter/-/sifter-0.9.1.tgz",
      "integrity": "sha512-bdW8vKTlWXfoAvUud0a4OeVPrtdvHH8gTshKqndzxAI6bXGPBejgry2wvIz0OZOqOuWuFAJWgNCjq/6S85U77A=="
    },
    "node_modules/material-icons": {
      "version": "1.10.7",
      "resolved": "https://registry.npmjs.org/material-icons/-/material-icons-1.10.7.tgz",
      "integrity": "sha512-DVW/37okFL2Dkjf/85nModJHNFlPdyOvvLJxRdiqSD1UbuTGez51hQt6f0IeXE6c42ww3YmFw0nsXePbufmNbA=="
    },
    "node_modules/tom-select": {
      "version": "2.0.1",
      "resolved": "https://registry.npmjs.org/tom-select/-/tom-select-2.0.1.tgz",
      "integrity": "sha512-HTFf0OTwA2k8YCUqIZOenvr+ZrV4LMOUjCn3n5XS8wIpigcxKVvs5XRhBSGedhRJ8s+VmemIqy6rnabgBYX+6w==",
      "dependencies": {
        "@orchidjs/sifter": "^0.9.1"
      },
      "engines": {
        "node": "*"
      },
      "funding": {
        "type": "opencollective",
        "url": "https://opencollective.com/tom-select"
      }
    }
  },
  "dependencies": {
    "@orchidjs/sifter": {
      "version": "0.9.1",
      "resolved": "https://registry.npmjs.org/@orchidjs/sifter/-/sifter-0.9.1.tgz",
      "integrity": "sha512-bdW8vKTlWXfoAvUud0a4OeVPrtdvHH8gTshKqndzxAI6bXGPBejgry2wvIz0OZOqOuWuFAJWgNCjq/6S85U77A=="
    },
    "material-icons": {
      "version": "1.10.7",
      "resolved": "https://registry.npmjs.org/material-icons/-/material-icons-1.10.7.tgz",
      "integrity": "sha512-DVW/37okFL2Dkjf/85nModJHNFlPdyOvvLJxRdiqSD1UbuTGez51hQt6f0IeXE6c42ww3YmFw0nsXePbufmNbA=="
    },
    "tom-select": {
      "version": "2.0.1",
      "resolved": "https://registry.npmjs.org/tom-select/-/tom-select-2.0.1.tgz",
      "integrity": "sha512-HTFf0OTwA2k8YCUqIZOenvr+ZrV4LMOUjCn3n5XS8wIpigcxKVvs5XRhBSGedhRJ8s+VmemIqy6rnabgBYX+6w==",
      "requires": {
        "@orchidjs/sifter": "^0.9.1"
      }
    }
  }
}
